PODS:
  - Flutter (1.0.0)
  - flutter_login_yandex (0.0.4):
    - Flutter
    - YandexLoginSDK
  - YandexLoginSDK (2.1.0)

DEPENDENCIES:
  - Flutter (from `Flutter`)
  - flutter_login_yandex (from `.symlinks/plugins/flutter_login_yandex/ios`)
  - YandexLoginSDK

SPEC REPOS:
  trunk:
    - YandexLoginSDK

EXTERNAL SOURCES:
  Flutter:
    :path: Flutter
  flutter_login_yandex:
    :path: ".symlinks/plugins/flutter_login_yandex/ios"

SPEC CHECKSUMS:
  Flutter: e0871f40cf51350855a761d2e70bf5af5b9b5de7
  flutter_login_yandex: 58db8f188b8fcaeda6baa7935564f24ab7766737
  YandexLoginSDK: cec22fc509343c519ee31b62b38acc1753a78123

PODFILE CHECKSUM: 8edf42fc22f17e4e9e51fa01aa8c23a464bb9764

COCOAPODS: 1.15.2
